
Microsoft Visual Studio Solution File, Format Version 12.00
# Visual Studio 14
VisualStudioVersion = 14.0.25420.1
MinimumVisualStudioVersion = 10.0.40219.1
Project("{2150E333-8FDC-42A3-9474-1A3956D46DE8}") = "Common", "Common", "{33345714-C4C8-4B2B-9744-6FD1A3D4DB66}"
EndProject
Project("{2150E333-8FDC-42A3-9474-1A3956D46DE8}") = "Repository", "Repository", "{7A45DF3B-878E-44AD-9484-CD96B4980302}"
EndProject
Project("{2150E333-8FDC-42A3-9474-1A3956D46DE8}") = "Service", "Service", "{A98DA7D5-E447-4EDC-9199-A6A7C887F4F6}"
EndProject
Project("{2150E333-8FDC-42A3-9474-1A3956D46DE8}") = "Api", "Api", "{6A7AB786-DEB7-4E38-9755-596672919EA5}"
EndProject
Project("{FAE04EC0-301F-11D3-BF4B-00C04F79EFBC}") = "AdminApi", "AdminApi\AdminApi.csproj", "{8E225C48-4271-4424-A604-22A727A05964}"
EndProject
Project("{FAE04EC0-301F-11D3-BF4B-00C04F79EFBC}") = "AdminApi.Logic", "AdminApi.Logic\AdminApi.Logic.csproj", "{46B9BAEE-29C4-455D-AC18-0610CC728E6A}"
EndProject
Project("{FAE04EC0-301F-11D3-BF4B-00C04F79EFBC}") = "Common", "Common\Common.csproj", "{6AD45A18-43C6-4F36-8347-3B3291F623EA}"
EndProject
Project("{FAE04EC0-301F-11D3-BF4B-00C04F79EFBC}") = "DI", "DI\DI.csproj", "{D92A632B-52D1-43FC-A9AA-7AAC030054DB}"
EndProject
Project("{FAE04EC0-301F-11D3-BF4B-00C04F79EFBC}") = "Model", "Model\Model.csproj", "{318D4954-F5C0-4BB7-9727-662034273FD9}"
EndProject
Project("{FAE04EC0-301F-11D3-BF4B-00C04F79EFBC}") = "DAL", "DAL\DAL.csproj", "{8D5430E0-A0CB-4BF8-B56B-DBEC2FD60465}"
EndProject
Project("{FAE04EC0-301F-11D3-BF4B-00C04F79EFBC}") = "IDAL", "IDAL\IDAL.csproj", "{B93AB3EF-478D-4F30-BB62-7B142D8E87E9}"
EndProject
Project("{FAE04EC0-301F-11D3-BF4B-00C04F79EFBC}") = "BLL", "BLL\BLL.csproj", "{ED1DC2FE-116A-4E79-B3AC-E000FC3882EE}"
EndProject
Project("{FAE04EC0-301F-11D3-BF4B-00C04F79EFBC}") = "IBLL", "IBLL\IBLL.csproj", "{1D68A5F3-4C30-473A-B519-07AA7787DCCF}"
EndProject
Global
	GlobalSection(SolutionConfigurationPlatforms) = preSolution
		Debug|Any CPU = Debug|Any CPU
		Release|Any CPU = Release|Any CPU
	EndGlobalSection
	GlobalSection(ProjectConfigurationPlatforms) = postSolution
		{8E225C48-4271-4424-A604-22A727A05964}.Debug|Any CPU.ActiveCfg = Debug|Any CPU
		{8E225C48-4271-4424-A604-22A727A05964}.Debug|Any CPU.Build.0 = Debug|Any CPU
		{8E225C48-4271-4424-A604-22A727A05964}.Release|Any CPU.ActiveCfg = Release|Any CPU
		{8E225C48-4271-4424-A604-22A727A05964}.Release|Any CPU.Build.0 = Release|Any CPU
		{46B9BAEE-29C4-455D-AC18-0610CC728E6A}.Debug|Any CPU.ActiveCfg = Debug|Any CPU
		{46B9BAEE-29C4-455D-AC18-0610CC728E6A}.Debug|Any CPU.Build.0 = Debug|Any CPU
		{46B9BAEE-29C4-455D-AC18-0610CC728E6A}.Release|Any CPU.ActiveCfg = Release|Any CPU
		{46B9BAEE-29C4-455D-AC18-0610CC728E6A}.Release|Any CPU.Build.0 = Release|Any CPU
		{6AD45A18-43C6-4F36-8347-3B3291F623EA}.Debug|Any CPU.ActiveCfg = Debug|Any CPU
		{6AD45A18-43C6-4F36-8347-3B3291F623EA}.Debug|Any CPU.Build.0 = Debug|Any CPU
		{6AD45A18-43C6-4F36-8347-3B3291F623EA}.Release|Any CPU.ActiveCfg = Release|Any CPU
		{6AD45A18-43C6-4F36-8347-3B3291F623EA}.Release|Any CPU.Build.0 = Release|Any CPU
		{D92A632B-52D1-43FC-A9AA-7AAC030054DB}.Debug|Any CPU.ActiveCfg = Debug|Any CPU
		{D92A632B-52D1-43FC-A9AA-7AAC030054DB}.Debug|Any CPU.Build.0 = Debug|Any CPU
		{D92A632B-52D1-43FC-A9AA-7AAC030054DB}.Release|Any CPU.ActiveCfg = Release|Any CPU
		{D92A632B-52D1-43FC-A9AA-7AAC030054DB}.Release|Any CPU.Build.0 = Release|Any CPU
		{318D4954-F5C0-4BB7-9727-662034273FD9}.Debug|Any CPU.ActiveCfg = Debug|Any CPU
		{318D4954-F5C0-4BB7-9727-662034273FD9}.Debug|Any CPU.Build.0 = Debug|Any CPU
		{318D4954-F5C0-4BB7-9727-662034273FD9}.Release|Any CPU.ActiveCfg = Release|Any CPU
		{318D4954-F5C0-4BB7-9727-662034273FD9}.Release|Any CPU.Build.0 = Release|Any CPU
		{8D5430E0-A0CB-4BF8-B56B-DBEC2FD60465}.Debug|Any CPU.ActiveCfg = Debug|Any CPU
		{8D5430E0-A0CB-4BF8-B56B-DBEC2FD60465}.Debug|Any CPU.Build.0 = Debug|Any CPU
		{8D5430E0-A0CB-4BF8-B56B-DBEC2FD60465}.Release|Any CPU.ActiveCfg = Release|Any CPU
		{8D5430E0-A0CB-4BF8-B56B-DBEC2FD60465}.Release|Any CPU.Build.0 = Release|Any CPU
		{B93AB3EF-478D-4F30-BB62-7B142D8E87E9}.Debug|Any CPU.ActiveCfg = Debug|Any CPU
		{B93AB3EF-478D-4F30-BB62-7B142D8E87E9}.Debug|Any CPU.Build.0 = Debug|Any CPU
		{B93AB3EF-478D-4F30-BB62-7B142D8E87E9}.Release|Any CPU.ActiveCfg = Release|Any CPU
		{B93AB3EF-478D-4F30-BB62-7B142D8E87E9}.Release|Any CPU.Build.0 = Release|Any CPU
		{ED1DC2FE-116A-4E79-B3AC-E000FC3882EE}.Debug|Any CPU.ActiveCfg = Debug|Any CPU
		{ED1DC2FE-116A-4E79-B3AC-E000FC3882EE}.Debug|Any CPU.Build.0 = Debug|Any CPU
		{ED1DC2FE-116A-4E79-B3AC-E000FC3882EE}.Release|Any CPU.ActiveCfg = Release|Any CPU
		{ED1DC2FE-116A-4E79-B3AC-E000FC3882EE}.Release|Any CPU.Build.0 = Release|Any CPU
		{1D68A5F3-4C30-473A-B519-07AA7787DCCF}.Debug|Any CPU.ActiveCfg = Debug|Any CPU
		{1D68A5F3-4C30-473A-B519-07AA7787DCCF}.Debug|Any CPU.Build.0 = Debug|Any CPU
		{1D68A5F3-4C30-473A-B519-07AA7787DCCF}.Release|Any CPU.ActiveCfg = Release|Any CPU
		{1D68A5F3-4C30-473A-B519-07AA7787DCCF}.Release|Any CPU.Build.0 = Release|Any CPU
	EndGlobalSection
	GlobalSection(SolutionProperties) = preSolution
		HideSolutionNode = FALSE
	EndGlobalSection
	GlobalSection(NestedProjects) = preSolution
		{8E225C48-4271-4424-A604-22A727A05964} = {6A7AB786-DEB7-4E38-9755-596672919EA5}
		{46B9BAEE-29C4-455D-AC18-0610CC728E6A} = {6A7AB786-DEB7-4E38-9755-596672919EA5}
		{6AD45A18-43C6-4F36-8347-3B3291F623EA} = {33345714-C4C8-4B2B-9744-6FD1A3D4DB66}
		{D92A632B-52D1-43FC-A9AA-7AAC030054DB} = {33345714-C4C8-4B2B-9744-6FD1A3D4DB66}
		{318D4954-F5C0-4BB7-9727-662034273FD9} = {33345714-C4C8-4B2B-9744-6FD1A3D4DB66}
		{8D5430E0-A0CB-4BF8-B56B-DBEC2FD60465} = {7A45DF3B-878E-44AD-9484-CD96B4980302}
		{B93AB3EF-478D-4F30-BB62-7B142D8E87E9} = {7A45DF3B-878E-44AD-9484-CD96B4980302}
		{ED1DC2FE-116A-4E79-B3AC-E000FC3882EE} = {A98DA7D5-E447-4EDC-9199-A6A7C887F4F6}
		{1D68A5F3-4C30-473A-B519-07AA7787DCCF} = {A98DA7D5-E447-4EDC-9199-A6A7C887F4F6}
	EndGlobalSection
EndGlobal
